# THIS IS AN AUTOGENERATED FILE. DO NOT EDIT THIS FILE DIRECTLY.
# yarn lockfile v1


"@types/lodash.template@^4.5.0":
  version "4.5.0"
  resolved "https://registry.yarnpkg.com/@types/lodash.template/-/lodash.template-4.5.0.tgz#277654af717ed37ce2687c69f8f221c550276b7a"
  integrity sha512-4LgHxK16IPbGR7TmXpPvNT7iNGsLCdQY6Rc0mi1a/JECt8et/D4hx6NMVAJej/d932sj1mJsg0QYHKL189O0Qw==
  dependencies:
    "@types/lodash" "*"

"@types/lodash@*":
  version "4.14.155"
  resolved "https://registry.yarnpkg.com/@types/lodash/-/lodash-4.14.155.tgz#e2b4514f46a261fd11542e47519c20ebce7bc23a"
  integrity sha512-vEcX7S7aPhsBCivxMwAANQburHBtfN9RdyXFk84IJmu2Z4Hkg1tOFgaslRiEqqvoLtbCBi6ika1EMspE+NZ9Lg==

"@types/node@^14.0.11":
  version "14.0.11"
  resolved "https://registry.yarnpkg.com/@types/node/-/node-14.0.11.tgz#61d4886e2424da73b7b25547f59fdcb534c165a3"
  integrity sha512-lCvvI24L21ZVeIiyIUHZ5Oflv1hhHQ5E1S25IRlKIXaRkVgmXpJMI3wUJkmym2bTbCe+WoIibQnMVAU3FguaOg==

"@types/vscode@^1.45.1":
  version "1.45.1"
  resolved "https://registry.yarnpkg.com/@types/vscode/-/vscode-1.45.1.tgz#672fb8c2cc33cf14cd4d3bdaa19bb294fe2b2706"
  integrity sha512-0NO9qrrEJBO8FsqHCrFMgR2suKnwCsKBWvRSb2OzH5gs4i3QO5AhEMQYrSzDbU/wLPt7N617/rN9lPY213gmwg==

lodash._reinterpolate@^3.0.0:
  version "3.0.0"
  resolved "https://registry.yarnpkg.com/lodash._reinterpolate/-/lodash._reinterpolate-3.0.0.tgz#0ccf2d89166af03b3663c796538b75ac6e114d9d"
  integrity sha1-DM8tiRZq8Ds2Y8eWU4t1rG4RTZ0=

lodash.template@^4.5.0:
  version "4.5.0"
  resolved "https://registry.yarnpkg.com/lodash.template/-/lodash.template-4.5.0.tgz#f976195cf3f347d0d5f52483569fe8031ccce8ab"
  integrity sha512-84vYFxIkmidUiFxidA/KjjH9pAycqW+h980j7Fuz5qxRtO9pgB7MDFTdys1N7A5mcucRiDyEq4fusljItR1T/A==
  dependencies:
    lodash._reinterpolate "^3.0.0"
    lodash.templatesettings "^4.0.0"

lodash.templatesettings@^4.0.0:
  version "4.2.0"
  resolved "https://registry.yarnpkg.com/lodash.templatesettings/-/lodash.templatesettings-4.2.0.tgz#e481310f049d3cf6d47e912ad09313b154f0fb33"
  integrity sha512-stgLz+i3Aa9mZgnjr/O+v9ruKZsPsndy7qPZOchbqk2cnTU1ZaldKK+v7m54WoKIyxiuMZTKT2H81F8BeAc3ZQ==
  dependencies:
    lodash._reinterpolate "^3.0.0"

typescript@^3.9.5:
  version "3.9.5"
  resolved "https://registry.yarnpkg.com/typescript/-/typescript-3.9.5.tgz#586f0dba300cde8be52dd1ac4f7e1009c1b13f36"
  integrity sha512-hSAifV3k+i6lEoCJ2k6R2Z/rp/H3+8sdmcn5NrS3/3kE7+RyZXm9aqvxWqjEXHAd8b0pShatpcdMTvEdvAJltQ==
